
Microsoft Visual Studio Solution File, Format Version 12.00
# Visual Studio Version 17
VisualStudioVersion = 17.11.35222.181
MinimumVisualStudioVersion = 10.0.40219.1
Project("{FAE04EC0-301F-11D3-BF4B-00C04F79EFBC}") = "BiblioFlow_DB", "BiblioFlow_DB\BiblioFlow_DB.csproj", "{07CECF9B-99B4-4BAA-A0A9-DFFC35B9CE01}"
EndProject
Global
	GlobalSection(SolutionConfigurationPlatforms) = preSolution
		Debug|Any CPU = Debug|Any CPU
		Release|Any CPU = Release|Any CPU
	EndGlobalSection
	GlobalSection(ProjectConfigurationPlatforms) = postSolution
		{07CECF9B-99B4-4BAA-A0A9-DFFC35B9CE01}.Debug|Any CPU.ActiveCfg = Debug|Any CPU
		{07CECF9B-99B4-4BAA-A0A9-DFFC35B9CE01}.Debug|Any CPU.Build.0 = Debug|Any CPU
		{07CECF9B-99B4-4BAA-A0A9-DFFC35B9CE01}.Release|Any CPU.ActiveCfg = Release|Any CPU
		{07CECF9B-99B4-4BAA-A0A9-DFFC35B9CE01}.Release|Any CPU.Build.0 = Release|Any CPU
	EndGlobalSection
	GlobalSection(SolutionProperties) = preSolution
		HideSolutionNode = FALSE
	EndGlobalSection
	GlobalSection(ExtensibilityGlobals) = postSolution
		SolutionGuid = {59AC963D-092E-4748-8B72-661C4F630768}
	EndGlobalSection
EndGlobal
